// !$*UTF8*$!
{
	archiveVersion = 1;
	classes = {
	};
	objectVersion = 56;
	objects = {

/* Begin PBXBuildFile section */
		A1D725032A73FC8300840591 /* AppDelegate.swift in Sources */ = {isa = PBXBuildFile; fileRef = A1D725022A73FC8300840591 /* AppDelegate.swift */; };
		A1D725052A73FC8300840591 /* SceneDelegate.swift in Sources */ = {isa = PBXBuildFile; fileRef = A1D725042A73FC8300840591 /* SceneDelegate.swift */; };
		A1D725072A73FC8300840591 /* ViewController.swift in Sources */ = {isa = PBXBuildFile; fileRef = A1D725062A73FC8300840591 /* ViewController.swift */; };
		A1D7250A2A73FC8300840591 /* Main.storyboard in Resources */ = {isa = PBXBuildFile; fileRef = A1D725082A73FC8300840591 /* Main.storyboard */; };
		A1D7250C2A73FC8400840591 /* Assets.xcassets in Resources */ = {isa = PBXBuildFile; fileRef = A1D7250B2A73FC8400840591 /* Assets.xcassets */; };
		A1D7250F2A73FC8400840591 /* LaunchScreen.storyboard in Resources */ = {isa = PBXBuildFile; fileRef = A1D7250D2A73FC8400840591 /* LaunchScreen.storyboard */; };
		A1D7251A2A73FC8400840591 /* Lidar3DScannerTests.swift in Sources */ = {isa = PBXBuildFile; fileRef = A1D725192A73FC8400840591 /* Lidar3DScannerTests.swift */; };
		A1D725242A73FC8400840591 /* Lidar3DScannerUITests.swift in Sources */ = {isa = PBXBuildFile; fileRef = A1D725232A73FC8400840591 /* Lidar3DScannerUITests.swift */; };
		A1D725262A73FC8400840591 /* Lidar3DScannerUITestsLaunchTests.swift in Sources */ = {isa = PBXBuildFile; fileRef = A1D725252A73FC8400840591 /* Lidar3DScannerUITestsLaunchTests.swift */; };
		A1D725332A7439DD00840591 /* ModelViewerViewController.swift in Sources */ = {isa = PBXBuildFile; fileRef = A1D725322A7439DD00840591 /* ModelViewerViewController.swift */; };
/* End PBXBuildFile section */

/* Begin PBXContainerItemProxy section */
		A1D725162A73FC8400840591 /* PBXContainerItemProxy */ = {
			isa = PBXContainerItemProxy;
			containerPortal = A1D724F72A73FC8300840591 /* Project object */;
			proxyType = 1;
			remoteGlobalIDString = A1D724FE2A73FC8300840591;
			remoteInfo = Lidar3DScanner;
		};
		A1D725202A73FC8400840591 /* PBXContainerItemProxy */ = {
			isa = PBXContainerItemProxy;
			containerPortal = A1D724F72A73FC8300840591 /* Project object */;
			proxyType = 1;
			remoteGlobalIDString = A1D724FE2A73FC8300840591;
			remoteInfo = Lidar3DScanner;
		};
/* End PBXContainerItemProxy section */

/* Begin PBXFileReference section */
		A1D724FF2A73FC8300840591 /* Lidar3DScanner.app */ = {isa = PBXFileReference; explicitFileType = wrapper.application; includeInIndex = 0; path = Lidar3DScanner.app; sourceTree = BUILT_PRODUCTS_DIR; };
		A1D725022A73FC8300840591 /* AppDelegate.swift */ = {isa = PBXFileReference; lastKnownFileType = sourcecode.swift; path = AppDelegate.swift; sourceTree = "<group>"; };
		A1D725042A73FC8300840591 /* SceneDelegate.swift */ = {isa = PBXFileReference; lastKnownFileType = sourcecode.swift; path = SceneDelegate.swift; sourceTree = "<group>"; };
		A1D725062A73FC8300840591 /* ViewController.swift */ = {isa = PBXFileReference; lastKnownFileType = sourcecode.swift; path = ViewController.swift; sourceTree = "<group>"; };
		A1D725092A73FC8300840591 /* Base */ = {isa = PBXFileReference; lastKnownFileType = file.storyboard; name = Base; path = Base.lproj/Main.storyboard; sourceTree = "<group>"; };
		A1D7250B2A73FC8400840591 /* Assets.xcassets */ = {isa = PBXFileReference; lastKnownFileType = folder.assetcatalog; path = Assets.xcassets; sourceTree = "<group>"; };
		A1D7250E2A73FC8400840591 /* Base */ = {isa = PBXFileReference; lastKnownFileType = file.storyboard; name = Base; path = Base.lproj/LaunchScreen.storyboard; sourceTree = "<group>"; };
		A1D725102A73FC8400840591 /* Info.plist */ = {isa = PBXFileReference; lastKnownFileType = text.plist.xml; path = Info.plist; sourceTree = "<group>"; };
		A1D725152A73FC8400840591 /* Lidar3DScannerTests.xctest */ = {isa = PBXFileReference; explicitFileType = wrapper.cfbundle; includeInIndex = 0; path = Lidar3DScannerTests.xctest; sourceTree = BUILT_PRODUCTS_DIR; };
		A1D725192A73FC8400840591 /* Lidar3DScannerTests.swift */ = {isa = PBXFileReference; lastKnownFileType = sourcecode.swift; path = Lidar3DScannerTests.swift; sourceTree = "<group>"; };
		A1D7251F2A73FC8400840591 /* Lidar3DScannerUITests.xctest */ = {isa = PBXFileReference; explicitFileType = wrapper.cfbundle; includeInIndex = 0; path = Lidar3DScannerUITests.xctest; sourceTree = BUILT_PRODUCTS_DIR; };
		A1D725232A73FC8400840591 /* Lidar3DScannerUITests.swift */ = {isa = PBXFileReference; lastKnownFileType = sourcecode.swift; path = Lidar3DScannerUITests.swift; sourceTree = "<group>"; };
		A1D725252A73FC8400840591 /* Lidar3DScannerUITestsLaunchTests.swift */ = {isa = PBXFileReference; lastKnownFileType = sourcecode.swift; path = Lidar3DScannerUITestsLaunchTests.swift; sourceTree = "<group>"; };
		A1D725322A7439DD00840591 /* ModelViewerViewController.swift */ = {isa = PBXFileReference; lastKnownFileType = sourcecode.swift; path = ModelViewerViewController.swift; sourceTree = "<group>"; };
/* End PBXFileReference section */

/* Begin PBXFrameworksBuildPhase section */
		A1D724FC2A73FC8300840591 /* Frameworks */ = {
			isa = PBXFrameworksBuildPhase;
			buildActionMask = 2147483647;
			files = (
			);
			runOnlyForDeploymentPostprocessing = 0;
		};
		A1D725122A73FC8400840591 /* Frameworks */ = {
			isa = PBXFrameworksBuildPhase;
			buildActionMask = 2147483647;
			files = (
			);
			runOnlyForDeploymentPostprocessing = 0;
		};
		A1D7251C2A73FC8400840591 /* Frameworks */ = {
			isa = PBXFrameworksBuildPhase;
			buildActionMask = 2147483647;
			files = (
			);
			runOnlyForDeploymentPostprocessing = 0;
		};
/* End PBXFrameworksBuildPhase section */

/* Begin PBXGroup section */
		A1D724F62A73FC8300840591 = {
			isa = PBXGroup;
			children = (
				A1D725012A73FC8300840591 /* Lidar3DScanner */,
				A1D725182A73FC8400840591 /* Lidar3DScannerTests */,
				A1D725222A73FC8400840591 /* Lidar3DScannerUITests */,
				A1D725002A73FC8300840591 /* Products */,
			);
			sourceTree = "<group>";
		};
		A1D725002A73FC8300840591 /* Products */ = {
			isa = PBXGroup;
			children = (
				A1D724FF2A73FC8300840591 /* Lidar3DScanner.app */,
				A1D725152A73FC8400840591 /* Lidar3DScannerTests.xctest */,
				A1D7251F2A73FC8400840591 /* Lidar3DScannerUITests.xctest */,
			);
			name = Products;
			sourceTree = "<group>";
		};
		A1D725012A73FC8300840591 /* Lidar3DScanner */ = {
			isa = PBXGroup;
			children = (
				A1D725022A73FC8300840591 /* AppDelegate.swift */,
				A1D725042A73FC8300840591 /* SceneDelegate.swift */,
				A1D725062A73FC8300840591 /* ViewController.swift */,
				A1D725322A7439DD00840591 /* ModelViewerViewController.swift */,
				A1D725082A73FC8300840591 /* Main.storyboard */,
				A1D7250B2A73FC8400840591 /* Assets.xcassets */,
				A1D7250D2A73FC8400840591 /* LaunchScreen.storyboard */,
				A1D725102A73FC8400840591 /* Info.plist */,
			);
			path = Lidar3DScanner;
			sourceTree = "<group>";
		};
		A1D725182A73FC8400840591 /* Lidar3DScannerTests */ = {
			isa = PBXGroup;
			children = (
				A1D725192A73FC8400840591 /* Lidar3DScannerTests.swift */,
			);
			path = Lidar3DScannerTests;
			sourceTree = "<group>";
		};
		A1D725222A73FC8400840591 /* Lidar3DScannerUITests */ = {
			isa = PBXGroup;
			children = (
				A1D725232A73FC8400840591 /* Lidar3DScannerUITests.swift */,
				A1D725252A73FC8400840591 /* Lidar3DScannerUITestsLaunchTests.swift */,
			);
			path = Lidar3DScannerUITests;
			sourceTree = "<group>";
		};
/* End PBXGroup section */

/* Begin PBXNativeTarget section */
		A1D724FE2A73FC8300840591 /* Lidar3DScanner */ = {
			isa = PBXNativeTarget;
			buildConfigurationList = A1D725292A73FC8400840591 /* Build configuration list for PBXNativeTarget "Lidar3DScanner" */;
			buildPhases = (
				A1D724FB2A73FC8300840591 /* Sources */,
				A1D724FC2A73FC8300840591 /* Frameworks */,
				A1D724FD2A73FC8300840591 /* Resources */,
			);
			buildRules = (
			);
			dependencies = (
			);
			name = Lidar3DScanner;
			productName = Lidar3DScanner;
			productReference = A1D724FF2A73FC8300840591 /* Lidar3DScanner.app */;
			productType = "com.apple.product-type.application";
		};
		A1D725142A73FC8400840591 /* Lidar3DScannerTests */ = {
			isa = PBXNativeTarget;
			buildConfigurationList = A1D7252C2A73FC8400840591 /* Build configuration list for PBXNativeTarget "Lidar3DScannerTests" */;
			buildPhases = (
				A1D725112A73FC8400840591 /* Sources */,
				A1D725122A73FC8400840591 /* Frameworks */,
				A1D725132A73FC8400840591 /* Resources */,
			);
			buildRules = (
			);
			dependencies = (
				A1D725172A73FC8400840591 /* PBXTargetDependency */,
			);
			name = Lidar3DScannerTests;
			productName = Lidar3DScannerTests;
			productReference = A1D725152A73FC8400840591 /* Lidar3DScannerTests.xctest */;
			productType = "com.apple.product-type.bundle.unit-test";
		};
		A1D7251E2A73FC8400840591 /* Lidar3DScannerUITests */ = {
			isa = PBXNativeTarget;
			buildConfigurationList = A1D7252F2A73FC8400840591 /* Build configuration list for PBXNativeTarget "Lidar3DScannerUITests" */;
			buildPhases = (
				A1D7251B2A73FC8400840591 /* Sources */,
				A1D7251C2A73FC8400840591 /* Frameworks */,
				A1D7251D2A73FC8400840591 /* Resources */,
			);
			buildRules = (
			);
			dependencies = (
				A1D725212A73FC8400840591 /* PBXTargetDependency */,
			);
			name = Lidar3DScannerUITests;
			productName = Lidar3DScannerUITests;
			productReference = A1D7251F2A73FC8400840591 /* Lidar3DScannerUITests.xctest */;
			productType = "com.apple.product-type.bundle.ui-testing";
		};
/* End PBXNativeTarget section */

/* Begin PBXProject section */
		A1D724F72A73FC8300840591 /* Project object */ = {
			isa = PBXProject;
			attributes = {
				BuildIndependentTargetsInParallel = 1;
				LastSwiftUpdateCheck = 1430;
				LastUpgradeCheck = 1430;
				TargetAttributes = {
					A1D724FE2A73FC8300840591 = {
						CreatedOnToolsVersion = 14.3.1;
					};
					A1D725142A73FC8400840591 = {
						CreatedOnToolsVersion = 14.3.1;
						TestTargetID = A1D724FE2A73FC8300840591;
					};
					A1D7251E2A73FC8400840591 = {
						CreatedOnToolsVersion = 14.3.1;
						TestTargetID = A1D724FE2A73FC8300840591;
					};
				};
			};
			buildConfigurationList = A1D724FA2A73FC8300840591 /* Build configuration list for PBXProject "Lidar3DScanner" */;
			compatibilityVersion = "Xcode 14.0";
			developmentRegion = en;
			hasScannedForEncodings = 0;
			knownRegions = (
				en,
				Base,
			);
			mainGroup = A1D724F62A73FC8300840591;
			productRefGroup = A1D725002A73FC8300840591 /* Products */;
			projectDirPath = "";
			projectRoot = "";
			targets = (
				A1D724FE2A73FC8300840591 /* Lidar3DScanner */,
				A1D725142A73FC8400840591 /* Lidar3DScannerTests */,
				A1D7251E2A73FC8400840591 /* Lidar3DScannerUITests */,
			);
		};
/* End PBXProject section */

/* Begin PBXResourcesBuildPhase section */
		A1D724FD2A73FC8300840591 /* Resources */ = {
			isa = PBXResourcesBuildPhase;
			buildActionMask = 2147483647;
			files = (
				A1D7250F2A73FC8400840591 /* LaunchScreen.storyboard in Resources */,
				A1D7250C2A73FC8400840591 /* Assets.xcassets in Resources */,
				A1D7250A2A73FC8300840591 /* Main.storyboard in Resources */,
			);
			runOnlyForDeploymentPostprocessing = 0;
		};
		A1D725132A73FC8400840591 /* Resources */ = {
			isa = PBXResourcesBuildPhase;
			buildActionMask = 2147483647;
			files = (
			);
			runOnlyForDeploymentPostprocessing = 0;
		};
		A1D7251D2A73FC8400840591 /* Resources */ = {
			isa = PBXResourcesBuildPhase;
			buildActionMask = 2147483647;
			files = (
			);
			runOnlyForDeploymentPostprocessing = 0;
		};
/* End PBXResourcesBuildPhase section */

/* Begin PBXSourcesBuildPhase section */
		A1D724FB2A73FC8300840591 /* Sources */ = {
			isa = PBXSourcesBuildPhase;
			buildActionMask = 2147483647;
			files = (
				A1D725332A7439DD00840591 /* ModelViewerViewController.swift in Sources */,
				A1D725072A73FC8300840591 /* ViewController.swift in Sources */,
				A1D725032A73FC8300840591 /* AppDelegate.swift in Sources */,
				A1D725052A73FC8300840591 /* SceneDelegate.swift in Sources */,
			);
			runOnlyForDeploymentPostprocessing = 0;
		};
		A1D725112A73FC8400840591 /* Sources */ = {
			isa = PBXSourcesBuildPhase;
			buildActionMask = 2147483647;
			files = (
				A1D7251A2A73FC8400840591 /* Lidar3DScannerTests.swift in Sources */,
			);
			runOnlyForDeploymentPostprocessing = 0;
		};
		A1D7251B2A73FC8400840591 /* Sources */ = {
			isa = PBXSourcesBuildPhase;
			buildActionMask = 2147483647;
			files = (
				A1D725242A73FC8400840591 /* Lidar3DScannerUITests.swift in Sources */,
				A1D725262A73FC8400840591 /* Lidar3DScannerUITestsLaunchTests.swift in Sources */,
			);
			runOnlyForDeploymentPostprocessing = 0;
		};
/* End PBXSourcesBuildPhase section */

/* Begin PBXTargetDependency section */
		A1D725172A73FC8400840591 /* PBXTargetDependency */ = {
			isa = PBXTargetDependency;
			target = A1D724FE2A73FC8300840591 /* Lidar3DScanner */;
			targetProxy = A1D725162A73FC8400840591 /* PBXContainerItemProxy */;
		};
		A1D725212A73FC8400840591 /* PBXTargetDependency */ = {
			isa = PBXTargetDependency;
			target = A1D724FE2A73FC8300840591 /* Lidar3DScanner */;
			targetProxy = A1D725202A73FC8400840591 /* PBXContainerItemProxy */;
		};
/* End PBXTargetDependency section */

/* Begin PBXVariantGroup section */
		A1D725082A73FC8300840591 /* Main.storyboard */ = {
			isa = PBXVariantGroup;
			children = (
				A1D725092A73FC8300840591 /* Base */,
			);
			name = Main.storyboard;
			sourceTree = "<group>";
		};
		A1D7250D2A73FC8400840591 /* LaunchScreen.storyboard */ = {
			isa = PBXVariantGroup;
			children = (
				A1D7250E2A73FC8400840591 /* Base */,
			);
			name = LaunchScreen.storyboard;
			sourceTree = "<group>";
		};
/* End PBXVariantGroup section */

/* Begin XCBuildConfiguration section */
		A1D725272A73FC8400840591 /* Debug */ = {
			isa = XCBuildConfiguration;
			buildSettings = {
				ALWAYS_SEARCH_USER_PATHS = NO;
				CLANG_ANALYZER_NONNULL = YES;
				CLANG_ANALYZER_NUMBER_OBJECT_CONVERSION = YES_AGGRESSIVE;
				CLANG_CXX_LANGUAGE_STANDARD = "gnu++20";
				CLANG_ENABLE_MODULES = YES;
				CLANG_ENABLE_OBJC_ARC = YES;
				CLANG_ENABLE_OBJC_WEAK = YES;
				CLANG_WARN_BLOCK_CAPTURE_AUTORELEASING = YES;
				CLANG_WARN_BOOL_CONVERSION = YES;
				CLANG_WARN_COMMA = YES;
				CLANG_WARN_CONSTANT_CONVERSION = YES;
				CLANG_WARN_DEPRECATED_OBJC_IMPLEMENTATIONS = YES;
				CLANG_WARN_DIRECT_OBJC_ISA_USAGE = YES_ERROR;
				CLANG_WARN_DOCUMENTATION_COMMENTS = YES;
				CLANG_WARN_EMPTY_BODY = YES;
				CLANG_WARN_ENUM_CONVERSION = YES;
				CLANG_WARN_INFINITE_RECURSION = YES;
				CLANG_WARN_INT_CONVERSION = YES;
				CLANG_WARN_NON_LITERAL_NULL_CONVERSION = YES;
				CLANG_WARN_OBJC_IMPLICIT_RETAIN_SELF = YES;
				CLANG_WARN_OBJC_LITERAL_CONVERSION = YES;
				CLANG_WARN_OBJC_ROOT_CLASS = YES_ERROR;
				CLANG_WARN_QUOTED_INCLUDE_IN_FRAMEWORK_HEADER = YES;
				CLANG_WARN_RANGE_LOOP_ANALYSIS = YES;
				CLANG_WARN_STRICT_PROTOTYPES = YES;
				CLANG_WARN_SUSPICIOUS_MOVE = YES;
				CLANG_WARN_UNGUARDED_AVAILABILITY = YES_AGGRESSIVE;
				CLANG_WARN_UNREACHABLE_CODE = YES;
				CLANG_WARN__DUPLICATE_METHOD_MATCH = YES;
				COPY_PHASE_STRIP = NO;
				DEBUG_INFORMATION_FORMAT = dwarf;
				ENABLE_STRICT_OBJC_MSGSEND = YES;
				ENABLE_TESTABILITY = YES;
				GCC_C_LANGUAGE_STANDARD = gnu11;
				GCC_DYNAMIC_NO_PIC = NO;
				GCC_NO_COMMON_BLOCKS = YES;
				GCC_OPTIMIZATION_LEVEL = 0;
				GCC_PREPROCESSOR_DEFINITIONS = (
					"DEBUG=1",
					"$(inherited)",
				);
				GCC_WARN_64_TO_32_BIT_CONVERSION = YES;
				GCC_WARN_ABOUT_RETURN_TYPE = YES_ERROR;
				GCC_WARN_UNDECLARED_SELECTOR = YES;
				GCC_WARN_UNINITIALIZED_AUTOS = YES_AGGRESSIVE;
				GCC_WARN_UNUSED_FUNCTION = YES;
				GCC_WARN_UNUSED_VARIABLE = YES;
				IPHONEOS_DEPLOYMENT_TARGET = 16.4;
				MTL_ENABLE_DEBUG_INFO = INCLUDE_SOURCE;
				MTL_FAST_MATH = YES;
				ONLY_ACTIVE_ARCH = YES;
				SDKROOT = iphoneos;
				SWIFT_ACTIVE_COMPILATION_CONDITIONS = DEBUG;
				SWIFT_OPTIMIZATION_LEVEL = "-Onone";
			};
			name = Debug;
		};
		A1D725282A73FC8400840591 /* Release */ = {
			isa = XCBuildConfiguration;
			buildSettings = {
				ALWAYS_SEARCH_USER_PATHS = NO;
				CLANG_ANALYZER_NONNULL = YES;
				CLANG_ANALYZER_NUMBER_OBJECT_CONVERSION = YES_AGGRESSIVE;
				CLANG_CXX_LANGUAGE_STANDARD = "gnu++20";
				CLANG_ENABLE_MODULES = YES;
				CLANG_ENABLE_OBJC_ARC = YES;
				CLANG_ENABLE_OBJC_WEAK = YES;
				CLANG_WARN_BLOCK_CAPTURE_AUTORELEASING = YES;
				CLANG_WARN_BOOL_CONVERSION = YES;
				CLANG_WARN_COMMA = YES;
				CLANG_WARN_CONSTANT_CONVERSION = YES;
				CLANG_WARN_DEPRECATED_OBJC_IMPLEMENTATIONS = YES;
				CLANG_WARN_DIRECT_OBJC_ISA_USAGE = YES_ERROR;
				CLANG_WARN_DOCUMENTATION_COMMENTS = YES;
				CLANG_WARN_EMPTY_BODY = YES;
				CLANG_WARN_ENUM_CONVERSION = YES;
				CLANG_WARN_INFINITE_RECURSION = YES;
				CLANG_WARN_INT_CONVERSION = YES;
				CLANG_WARN_NON_LITERAL_NULL_CONVERSION = YES;
				CLANG_WARN_OBJC_IMPLICIT_RETAIN_SELF = YES;
				CLANG_WARN_OBJC_LITERAL_CONVERSION = YES;
				CLANG_WARN_OBJC_ROOT_CLASS = YES_ERROR;
				CLANG_WARN_QUOTED_INCLUDE_IN_FRAMEWORK_HEADER = YES;
				CLANG_WARN_RANGE_LOOP_ANALYSIS = YES;
				CLANG_WARN_STRICT_PROTOTYPES = YES;
				CLANG_WARN_SUSPICIOUS_MOVE = YES;
				CLANG_WARN_UNGUARDED_AVAILABILITY = YES_AGGRESSIVE;
				CLANG_WARN_UNREACHABLE_CODE = YES;
				CLANG_WARN__DUPLICATE_METHOD_MATCH = YES;
				COPY_PHASE_STRIP = NO;
				DEBUG_INFORMATION_FORMAT = "dwarf-with-dsym";
				ENABLE_NS_ASSERTIONS = NO;
				ENABLE_STRICT_OBJC_MSGSEND = YES;
				GCC_C_LANGUAGE_STANDARD = gnu11;
				GCC_NO_COMMON_BLOCKS = YES;
				GCC_WARN_64_TO_32_BIT_CONVERSION = YES;
				GCC_WARN_ABOUT_RETURN_TYPE = YES_ERROR;
				GCC_WARN_UNDECLARED_SELECTOR = YES;
				GCC_WARN_UNINITIALIZED_AUTOS = YES_AGGRESSIVE;
				GCC_WARN_UNUSED_FUNCTION = YES;
				GCC_WARN_UNUSED_VARIABLE = YES;
				IPHONEOS_DEPLOYMENT_TARGET = 16.4;
				MTL_ENABLE_DEBUG_INFO = NO;
				MTL_FAST_MATH = YES;
				SDKROOT = iphoneos;
				SWIFT_COMPILATION_MODE = wholemodule;
				SWIFT_OPTIMIZATION_LEVEL = "-O";
				VALIDATE_PRODUCT = YES;
			};
			name = Release;
		};
		A1D7252A2A73FC8400840591 /* Debug */ = {
			isa = XCBuildConfiguration;
			buildSettings = {
				ASSETCATALOG_COMPILER_APPICON_NAME = AppIcon;
				ASSETCATALOG_COMPILER_GLOBAL_ACCENT_COLOR_NAME = AccentColor;
				CODE_SIGN_STYLE = Manual;
				CURRENT_PROJECT_VERSION = 1;
				DEVELOPMENT_TEAM = "";
				GENERATE_INFOPLIST_FILE = YES;
				INFOPLIST_FILE = Lidar3DScanner/Info.plist;
				INFOPLIST_KEY_UIApplicationSupportsIndirectInputEvents = YES;
				INFOPLIST_KEY_UILaunchStoryboardName = LaunchScreen;
				INFOPLIST_KEY_UIMainStoryboardFile = Main;
				INFOPLIST_KEY_UISupportedInterfaceOrientations_iPad = "UIInterfaceOrientationPortrait UIInterfaceOrientationPortraitUpsideDown UIInterfaceOrientationLandscapeLeft UIInterfaceOrientationLandscapeRight";
				INFOPLIST_KEY_UISupportedInterfaceOrientations_iPhone = "UIInterfaceOrientationPortrait UIInterfaceOrientationLandscapeLeft UIInterfaceOrientationLandscapeRight";
				IPHONEOS_DEPLOYMENT_TARGET = 15.0;
				LD_RUNPATH_SEARCH_PATHS = (
					"$(inherited)",
					"@executable_path/Frameworks",
				);
				MARKETING_VERSION = 1.0;
				PRODUCT_BUNDLE_IDENTIFIER = jasmin.Lidar3DScanner;
				PRODUCT_NAME = "$(TARGET_NAME)";
				PROVISIONING_PROFILE_SPECIFIER = "";
				SWIFT_EMIT_LOC_STRINGS = YES;
				SWIFT_VERSION = 5.0;
				TARGETED_DEVICE_FAMILY = "1,2";
			};
			name = Debug;
		};
		A1D7252B2A73FC8400840591 /* Release */ = {
			isa = XCBuildConfiguration;
			buildSettings = {
				ASSETCATALOG_COMPILER_APPICON_NAME = AppIcon;
				ASSETCATALOG_COMPILER_GLOBAL_ACCENT_COLOR_NAME = AccentColor;
				CODE_SIGN_STYLE = Manual;
				CURRENT_PROJECT_VERSION = 1;
				DEVELOPMENT_TEAM = "";
				GENERATE_INFOPLIST_FILE = YES;
				INFOPLIST_FILE = Lidar3DScanner/Info.plist;
				INFOPLIST_KEY_UIApplicationSupportsIndirectInputEvents = YES;
				INFOPLIST_KEY_UILaunchStoryboardName = LaunchScreen;
				INFOPLIST_KEY_UIMainStoryboardFile = Main;
				INFOPLIST_KEY_UISupportedInterfaceOrientations_iPad = "UIInterfaceOrientationPortrait UIInterfaceOrientationPortraitUpsideDown UIInterfaceOrientationLandscapeLeft UIInterfaceOrientationLandscapeRight";
				INFOPLIST_KEY_UISupportedInterfaceOrientations_iPhone = "UIInterfaceOrientationPortrait UIInterfaceOrientationLandscapeLeft UIInterfaceOrientationLandscapeRight";
				IPHONEOS_DEPLOYMENT_TARGET = 15.0;
				LD_RUNPATH_SEARCH_PATHS = (
					"$(inherited)",
					"@executable_path/Frameworks",
				);
				MARKETING_VERSION = 1.0;
				PRODUCT_BUNDLE_IDENTIFIER = jasmin.Lidar3DScanner;
				PRODUCT_NAME = "$(TARGET_NAME)";
				PROVISIONING_PROFILE_SPECIFIER = "";
				SWIFT_EMIT_LOC_STRINGS = YES;
				SWIFT_VERSION = 5.0;
				TARGETED_DEVICE_FAMILY = "1,2";
			};
			name = Release;
		};
		A1D7252D2A73FC8400840591 /* Debug */ = {
			isa = XCBuildConfiguration;
			buildSettings = {
				ALWAYS_EMBED_SWIFT_STANDARD_LIBRARIES = YES;
				BUNDLE_LOADER = "$(TEST_HOST)";
				CODE_SIGN_STYLE = Manual;
				CURRENT_PROJECT_VERSION = 1;
				DEVELOPMENT_TEAM = "";
				GENERATE_INFOPLIST_FILE = YES;
				IPHONEOS_DEPLOYMENT_TARGET = 16.4;
				MARKETING_VERSION = 1.0;
				PRODUCT_BUNDLE_IDENTIFIER = jasmin.Lidar3DScannerTests;
				PRODUCT_NAME = "$(TARGET_NAME)";
				PROVISIONING_PROFILE_SPECIFIER = "";
				SWIFT_EMIT_LOC_STRINGS = NO;
				SWIFT_VERSION = 5.0;
				TARGETED_DEVICE_FAMILY = "1,2";
				TEST_HOST = "$(BUILT_PRODUCTS_DIR)/Lidar3DScanner.app/$(BUNDLE_EXECUTABLE_FOLDER_PATH)/Lidar3DScanner";
			};
			name = Debug;
		};
		A1D7252E2A73FC8400840591 /* Release */ = {
			isa = XCBuildConfiguration;
			buildSettings = {
				ALWAYS_EMBED_SWIFT_STANDARD_LIBRARIES = YES;
				BUNDLE_LOADER = "$(TEST_HOST)";
				CODE_SIGN_STYLE = Manual;
				CURRENT_PROJECT_VERSION = 1;
				DEVELOPMENT_TEAM = "";
				GENERATE_INFOPLIST_FILE = YES;
				IPHONEOS_DEPLOYMENT_TARGET = 16.4;
				MARKETING_VERSION = 1.0;
				PRODUCT_BUNDLE_IDENTIFIER = jasmin.Lidar3DScannerTests;
				PRODUCT_NAME = "$(TARGET_NAME)";
				PROVISIONING_PROFILE_SPECIFIER = "";
				SWIFT_EMIT_LOC_STRINGS = NO;
				SWIFT_VERSION = 5.0;
				TARGETED_DEVICE_FAMILY = "1,2";
				TEST_HOST = "$(BUILT_PRODUCTS_DIR)/Lidar3DScanner.app/$(BUNDLE_EXECUTABLE_FOLDER_PATH)/Lidar3DScanner";
			};
			name = Release;
		};
		A1D725302A73FC8400840591 /* Debug */ = {
			isa = XCBuildConfiguration;
			buildSettings = {
				ALWAYS_EMBED_SWIFT_STANDARD_LIBRARIES = YES;
				CODE_SIGN_STYLE = Manual;
				CURRENT_PROJECT_VERSION = 1;
				DEVELOPMENT_TEAM = "";
				GENERATE_INFOPLIST_FILE = YES;
				MARKETING_VERSION = 1.0;
				PRODUCT_BUNDLE_IDENTIFIER = jasmin.Lidar3DScannerUITests;
				PRODUCT_NAME = "$(TARGET_NAME)";
				PROVISIONING_PROFILE_SPECIFIER = "";
				SWIFT_EMIT_LOC_STRINGS = NO;
				SWIFT_VERSION = 5.0;
				TARGETED_DEVICE_FAMILY = "1,2";
				TEST_TARGET_NAME = Lidar3DScanner;
			};
			name = Debug;
		};
		A1D725312A73FC8400840591 /* Release */ = {
			isa = XCBuildConfiguration;
			buildSettings = {
				ALWAYS_EMBED_SWIFT_STANDARD_LIBRARIES = YES;
				CODE_SIGN_STYLE = Manual;
				CURRENT_PROJECT_VERSION = 1;
				DEVELOPMENT_TEAM = "";
				GENERATE_INFOPLIST_FILE = YES;
				MARKETING_VERSION = 1.0;
				PRODUCT_BUNDLE_IDENTIFIER = jasmin.Lidar3DScannerUITests;
				PRODUCT_NAME = "$(TARGET_NAME)";
				PROVISIONING_PROFILE_SPECIFIER = "";
				SWIFT_EMIT_LOC_STRINGS = NO;
				SWIFT_VERSION = 5.0;
				TARGETED_DEVICE_FAMILY = "1,2";
				TEST_TARGET_NAME = Lidar3DScanner;
			};
			name = Release;
		};
/* End XCBuildConfiguration section */

/* Begin XCConfigurationList section */
		A1D724FA2A73FC8300840591 /* Build configuration list for PBXProject "Lidar3DScanner" */ = {
			isa = XCConfigurationList;
			buildConfigurations = (
				A1D725272A73FC8400840591 /* Debug */,
				A1D725282A73FC8400840591 /* Release */,
			);
			defaultConfigurationIsVisible = 0;
			defaultConfigurationName = Release;
		};
		A1D725292A73FC8400840591 /* Build configuration list for PBXNativeTarget "Lidar3DScanner" */ = {
			isa = XCConfigurationList;
			buildConfigurations = (
				A1D7252A2A73FC8400840591 /* Debug */,
				A1D7252B2A73FC8400840591 /* Release */,
			);
			defaultConfigurationIsVisible = 0;
			defaultConfigurationName = Release;
		};
		A1D7252C2A73FC8400840591 /* Build configuration list for PBXNativeTarget "Lidar3DScannerTests" */ = {
			isa = XCConfigurationList;
			buildConfigurations = (
				A1D7252D2A73FC8400840591 /* Debug */,
				A1D7252E2A73FC8400840591 /* Release */,
			);
			defaultConfigurationIsVisible = 0;
			defaultConfigurationName = Release;
		};
		A1D7252F2A73FC8400840591 /* Build configuration list for PBXNativeTarget "Lidar3DScannerUITests" */ = {
			isa = XCConfigurationList;
			buildConfigurations = (
				A1D725302A73FC8400840591 /* Debug */,
				A1D725312A73FC8400840591 /* Release */,
			);
			defaultConfigurationIsVisible = 0;
			defaultConfigurationName = Release;
		};
/* End XCConfigurationList section */
	};
	rootObject = A1D724F72A73FC8300840591 /* Project object */;
}
